{
  "nodes": {
    "nixpkgs": {
      "locked": {
        "lastModified": 1638923350,
        "narHash": "sha256-UcIc2uG+Vr9lUIvVcV7MziYLcBpE6pjEAHwMXyezJbg=",
        "owner": "NixOS",
        "repo": "nixpkgs",
        "rev": "8c570c573b37bda9b0b1bb06adf15b64b1ad3e83",
        "type": "github"
      },
      "original": {
        "id": "nixpkgs",
        "type": "indirect"
      }
    },
    "root": {
      "inputs": {
        "nixpkgs": "nixpkgs"
      }
    }
  },
  "root": "root",
  "version": 7
}
