{
  "nodes": {
    "nixpkgs": {
      "locked": {
        "lastModified": 1638903028,
        "narHash": "sha256-tIcnRbMC3HKiKroo86vligoPW22E/Ml4fQl7AkooGP8=",
        "owner": "NixOS",
        "repo": "nixpkgs",
        "rev": "9fd27b73b223ee89e393a37725351bf621a2fc51",
        "type": "github"
      },
      "original": {
        "id": "nixpkgs",
        "type": "indirect"
      }
    },
    "root": {
      "inputs": {
        "nixpkgs": "nixpkgs"
      }
    }
  },
  "root": "root",
  "version": 7
}
