{
  "nodes": {
    "nixpkgs": {
      "locked": {
        "lastModified": 1638669648,
        "narHash": "sha256-3fCB21UoSgAX0qzh12OF0RHSopIGtll34K67x/R7oMk=",
        "owner": "NixOS",
        "repo": "nixpkgs",
        "rev": "0c008f9c0d081036e7237983c1cd91a539fd2ead",
        "type": "github"
      },
      "original": {
        "id": "nixpkgs",
        "type": "indirect"
      }
    },
    "root": {
      "inputs": {
        "nixpkgs": "nixpkgs"
      }
    }
  },
  "root": "root",
  "version": 7
}
